
Microsoft Visual Studio Solution File, Format Version 11.00
# Visual Studio 2010
Project("{FAE04EC0-301F-11D3-BF4B-00C04F79EFBC}") = "ConsoleSapper_bonus", "ConsoleSapper\ConsoleSapper_bonus.csproj", "{5AA34AC6-AEA6-4EF6-96CB-03B4CC8D4063}"
EndProject
Project("{FAE04EC0-301F-11D3-BF4B-00C04F79EFBC}") = "task_1", "task_1\task_1.csproj", "{9E817760-98BB-4DAD-B1DA-1A77E1472BBD}"
EndProject
Project("{FAE04EC0-301F-11D3-BF4B-00C04F79EFBC}") = "task_2", "task_2\task_2.csproj", "{5D4820BD-242F-440F-A957-C82EB798322B}"
EndProject
Project("{FAE04EC0-301F-11D3-BF4B-00C04F79EFBC}") = "task_3", "task_3\task_3.csproj", "{79B39AA0-E36F-4569-B71C-BECEB3199769}"
EndProject
Project("{FAE04EC0-301F-11D3-BF4B-00C04F79EFBC}") = "task_4", "task_4\task_4.csproj", "{233B795B-78CB-4070-9C90-DEEB2E7FC5D9}"
EndProject
Project("{FAE04EC0-301F-11D3-BF4B-00C04F79EFBC}") = "task_5", "task_5\task_5.csproj", "{E474DD2D-2906-4DFC-9CEB-7EE9C19E83F5}"
EndProject
Project("{FAE04EC0-301F-11D3-BF4B-00C04F79EFBC}") = "task_6", "task_6\task_6.csproj", "{A87901F9-F991-4632-9B0D-903826DD189A}"
EndProject
Project("{FAE04EC0-301F-11D3-BF4B-00C04F79EFBC}") = "task_7", "task_7\task_7.csproj", "{7A909283-3327-404C-935A-8C3163A74941}"
EndProject
Project("{FAE04EC0-301F-11D3-BF4B-00C04F79EFBC}") = "task_8", "task_8\task_8.csproj", "{9C79A0A7-17AF-4C99-A080-13D32B377728}"
EndProject
Project("{FAE04EC0-301F-11D3-BF4B-00C04F79EFBC}") = "task_9", "task_9\task_9.csproj", "{871D903A-4D12-44BD-ADE2-926265443858}"
EndProject
Project("{FAE04EC0-301F-11D3-BF4B-00C04F79EFBC}") = "task_10", "task_10\task_10.csproj", "{BC04A097-E0AB-4DF6-B5D5-E262DA9B17A5}"
EndProject
Project("{FAE04EC0-301F-11D3-BF4B-00C04F79EFBC}") = "task_11", "task_11\task_11.csproj", "{01D2E3BB-0AE3-44B0-BA13-922A216C4844}"
EndProject
Project("{FAE04EC0-301F-11D3-BF4B-00C04F79EFBC}") = "task_12", "task_12\task_12.csproj", "{A1CF6B25-014C-4CE4-82CE-B6249D11AEAE}"
EndProject
Project("{FAE04EC0-301F-11D3-BF4B-00C04F79EFBC}") = "task_14", "task_14\task_14.csproj", "{39C6BCA6-11EE-40B1-AA21-5923FF5FB322}"
EndProject
Project("{FAE04EC0-301F-11D3-BF4B-00C04F79EFBC}") = "task_13", "task_13\task_13.csproj", "{BD27EB0B-ADEC-449D-98D1-B039EE0801DF}"
EndProject
Project("{FAE04EC0-301F-11D3-BF4B-00C04F79EFBC}") = "task_15", "task_15\task_15.csproj", "{801F8213-293A-4BCF-9DF1-C2E0E08ACCB1}"
EndProject
Project("{FAE04EC0-301F-11D3-BF4B-00C04F79EFBC}") = "task_16", "task_16\task_16.csproj", "{3B7128FF-A0C1-4299-AEE5-4045D590EFD9}"
EndProject
Project("{FAE04EC0-301F-11D3-BF4B-00C04F79EFBC}") = "task_17", "task_17\task_17.csproj", "{D6E918F6-2E69-4FE2-830C-00CA5F8991C1}"
EndProject
Project("{FAE04EC0-301F-11D3-BF4B-00C04F79EFBC}") = "task_18", "task_18\task_18.csproj", "{13461CAA-DF8C-4103-8F06-5D27762E3F2E}"
EndProject
Project("{FAE04EC0-301F-11D3-BF4B-00C04F79EFBC}") = "task_19", "task_19\task_19.csproj", "{8C7C83BC-52F6-4F64-A4D7-4B858AEF76C5}"
EndProject
Project("{FAE04EC0-301F-11D3-BF4B-00C04F79EFBC}") = "task_20", "task_20\task_20.csproj", "{0410CB5E-3AC6-40AF-90D0-EDFD746C317C}"
EndProject
Project("{FAE04EC0-301F-11D3-BF4B-00C04F79EFBC}") = "task_21", "task_21\task_21.csproj", "{256BCF24-A7C0-4D95-9764-4DC21CC6E05B}"
EndProject
Project("{FAE04EC0-301F-11D3-BF4B-00C04F79EFBC}") = "task_22", "task_22\task_22.csproj", "{2F4B47BF-ECFF-4177-B333-53BD47CC8E8E}"
EndProject
Project("{FAE04EC0-301F-11D3-BF4B-00C04F79EFBC}") = "task_23", "task_23\task_23.csproj", "{1065124E-9213-40D4-96C4-73F82D8B3554}"
EndProject
Project("{FAE04EC0-301F-11D3-BF4B-00C04F79EFBC}") = "task_24", "task_24\task_24.csproj", "{6143B1C9-B8B9-4BB9-A3D8-801807295BED}"
EndProject
Project("{FAE04EC0-301F-11D3-BF4B-00C04F79EFBC}") = "task_25", "task_25\task_25.csproj", "{9BBF3D02-4B91-41A5-8364-5A8CBEC3C0C0}"
EndProject
Project("{FAE04EC0-301F-11D3-BF4B-00C04F79EFBC}") = "task_26", "task_26\task_26.csproj", "{A5BE56D5-2DB8-4057-9AE9-1EAB1436E13D}"
EndProject
Project("{FAE04EC0-301F-11D3-BF4B-00C04F79EFBC}") = "task_27", "task_27\task_27.csproj", "{4EBC02D3-5C9B-4F64-A447-5DF72B00798D}"
EndProject
Project("{FAE04EC0-301F-11D3-BF4B-00C04F79EFBC}") = "task_28", "task_28\task_28.csproj", "{54A1B8CD-EF3A-4BF6-872E-DF4D7AB7C7D7}"
EndProject
Project("{FAE04EC0-301F-11D3-BF4B-00C04F79EFBC}") = "task_29", "task_29\task_29.csproj", "{2A9040A3-C09F-4B28-B778-53C38ACB1161}"
EndProject
Project("{FAE04EC0-301F-11D3-BF4B-00C04F79EFBC}") = "task_30", "task_30\task_30.csproj", "{201E8232-4DE3-441D-8B4F-68E14E86E14F}"
EndProject
Project("{FAE04EC0-301F-11D3-BF4B-00C04F79EFBC}") = "task_31", "task_31\task_31.csproj", "{3D7B4CD6-042B-414E-9955-DEEE17616D9F}"
EndProject
Project("{FAE04EC0-301F-11D3-BF4B-00C04F79EFBC}") = "task_32", "task_32\task_32.csproj", "{E08D3667-9F61-497C-956F-0889635FA1F2}"
EndProject
Project("{FAE04EC0-301F-11D3-BF4B-00C04F79EFBC}") = "task_34", "task_34\task_34.csproj", "{45D122AC-5EC3-425E-A62B-101501CC2612}"
EndProject
Project("{FAE04EC0-301F-11D3-BF4B-00C04F79EFBC}") = "task_35", "task_35\task_35.csproj", "{71D1FA82-DF03-4E03-8004-AD2423E6EBCA}"
EndProject
Global
	GlobalSection(SolutionConfigurationPlatforms) = preSolution
		Debug|x86 = Debug|x86
		Release|x86 = Release|x86
	EndGlobalSection
	GlobalSection(ProjectConfigurationPlatforms) = postSolution
		{5AA34AC6-AEA6-4EF6-96CB-03B4CC8D4063}.Debug|x86.ActiveCfg = Debug|x86
		{5AA34AC6-AEA6-4EF6-96CB-03B4CC8D4063}.Debug|x86.Build.0 = Debug|x86
		{5AA34AC6-AEA6-4EF6-96CB-03B4CC8D4063}.Release|x86.ActiveCfg = Release|x86
		{5AA34AC6-AEA6-4EF6-96CB-03B4CC8D4063}.Release|x86.Build.0 = Release|x86
		{9E817760-98BB-4DAD-B1DA-1A77E1472BBD}.Debug|x86.ActiveCfg = Debug|x86
		{9E817760-98BB-4DAD-B1DA-1A77E1472BBD}.Debug|x86.Build.0 = Debug|x86
		{9E817760-98BB-4DAD-B1DA-1A77E1472BBD}.Release|x86.ActiveCfg = Release|x86
		{9E817760-98BB-4DAD-B1DA-1A77E1472BBD}.Release|x86.Build.0 = Release|x86
		{5D4820BD-242F-440F-A957-C82EB798322B}.Debug|x86.ActiveCfg = Debug|x86
		{5D4820BD-242F-440F-A957-C82EB798322B}.Debug|x86.Build.0 = Debug|x86
		{5D4820BD-242F-440F-A957-C82EB798322B}.Release|x86.ActiveCfg = Release|x86
		{5D4820BD-242F-440F-A957-C82EB798322B}.Release|x86.Build.0 = Release|x86
		{79B39AA0-E36F-4569-B71C-BECEB3199769}.Debug|x86.ActiveCfg = Debug|x86
		{79B39AA0-E36F-4569-B71C-BECEB3199769}.Debug|x86.Build.0 = Debug|x86
		{79B39AA0-E36F-4569-B71C-BECEB3199769}.Release|x86.ActiveCfg = Release|x86
		{79B39AA0-E36F-4569-B71C-BECEB3199769}.Release|x86.Build.0 = Release|x86
		{233B795B-78CB-4070-9C90-DEEB2E7FC5D9}.Debug|x86.ActiveCfg = Debug|x86
		{233B795B-78CB-4070-9C90-DEEB2E7FC5D9}.Debug|x86.Build.0 = Debug|x86
		{233B795B-78CB-4070-9C90-DEEB2E7FC5D9}.Release|x86.ActiveCfg = Release|x86
		{233B795B-78CB-4070-9C90-DEEB2E7FC5D9}.Release|x86.Build.0 = Release|x86
		{E474DD2D-2906-4DFC-9CEB-7EE9C19E83F5}.Debug|x86.ActiveCfg = Debug|x86
		{E474DD2D-2906-4DFC-9CEB-7EE9C19E83F5}.Debug|x86.Build.0 = Debug|x86
		{E474DD2D-2906-4DFC-9CEB-7EE9C19E83F5}.Release|x86.ActiveCfg = Release|x86
		{E474DD2D-2906-4DFC-9CEB-7EE9C19E83F5}.Release|x86.Build.0 = Release|x86
		{A87901F9-F991-4632-9B0D-903826DD189A}.Debug|x86.ActiveCfg = Debug|x86
		{A87901F9-F991-4632-9B0D-903826DD189A}.Debug|x86.Build.0 = Debug|x86
		{A87901F9-F991-4632-9B0D-903826DD189A}.Release|x86.ActiveCfg = Release|x86
		{A87901F9-F991-4632-9B0D-903826DD189A}.Release|x86.Build.0 = Release|x86
		{7A909283-3327-404C-935A-8C3163A74941}.Debug|x86.ActiveCfg = Debug|x86
		{7A909283-3327-404C-935A-8C3163A74941}.Debug|x86.Build.0 = Debug|x86
		{7A909283-3327-404C-935A-8C3163A74941}.Release|x86.ActiveCfg = Release|x86
		{7A909283-3327-404C-935A-8C3163A74941}.Release|x86.Build.0 = Release|x86
		{9C79A0A7-17AF-4C99-A080-13D32B377728}.Debug|x86.ActiveCfg = Debug|x86
		{9C79A0A7-17AF-4C99-A080-13D32B377728}.Debug|x86.Build.0 = Debug|x86
		{9C79A0A7-17AF-4C99-A080-13D32B377728}.Release|x86.ActiveCfg = Release|x86
		{9C79A0A7-17AF-4C99-A080-13D32B377728}.Release|x86.Build.0 = Release|x86
		{871D903A-4D12-44BD-ADE2-926265443858}.Debug|x86.ActiveCfg = Debug|x86
		{871D903A-4D12-44BD-ADE2-926265443858}.Debug|x86.Build.0 = Debug|x86
		{871D903A-4D12-44BD-ADE2-926265443858}.Release|x86.ActiveCfg = Release|x86
		{871D903A-4D12-44BD-ADE2-926265443858}.Release|x86.Build.0 = Release|x86
		{BC04A097-E0AB-4DF6-B5D5-E262DA9B17A5}.Debug|x86.ActiveCfg = Debug|x86
		{BC04A097-E0AB-4DF6-B5D5-E262DA9B17A5}.Debug|x86.Build.0 = Debug|x86
		{BC04A097-E0AB-4DF6-B5D5-E262DA9B17A5}.Release|x86.ActiveCfg = Release|x86
		{BC04A097-E0AB-4DF6-B5D5-E262DA9B17A5}.Release|x86.Build.0 = Release|x86
		{01D2E3BB-0AE3-44B0-BA13-922A216C4844}.Debug|x86.ActiveCfg = Debug|x86
		{01D2E3BB-0AE3-44B0-BA13-922A216C4844}.Debug|x86.Build.0 = Debug|x86
		{01D2E3BB-0AE3-44B0-BA13-922A216C4844}.Release|x86.ActiveCfg = Release|x86
		{01D2E3BB-0AE3-44B0-BA13-922A216C4844}.Release|x86.Build.0 = Release|x86
		{A1CF6B25-014C-4CE4-82CE-B6249D11AEAE}.Debug|x86.ActiveCfg = Debug|x86
		{A1CF6B25-014C-4CE4-82CE-B6249D11AEAE}.Debug|x86.Build.0 = Debug|x86
		{A1CF6B25-014C-4CE4-82CE-B6249D11AEAE}.Release|x86.ActiveCfg = Release|x86
		{A1CF6B25-014C-4CE4-82CE-B6249D11AEAE}.Release|x86.Build.0 = Release|x86
		{39C6BCA6-11EE-40B1-AA21-5923FF5FB322}.Debug|x86.ActiveCfg = Debug|x86
		{39C6BCA6-11EE-40B1-AA21-5923FF5FB322}.Debug|x86.Build.0 = Debug|x86
		{39C6BCA6-11EE-40B1-AA21-5923FF5FB322}.Release|x86.ActiveCfg = Release|x86
		{39C6BCA6-11EE-40B1-AA21-5923FF5FB322}.Release|x86.Build.0 = Release|x86
		{BD27EB0B-ADEC-449D-98D1-B039EE0801DF}.Debug|x86.ActiveCfg = Debug|x86
		{BD27EB0B-ADEC-449D-98D1-B039EE0801DF}.Debug|x86.Build.0 = Debug|x86
		{BD27EB0B-ADEC-449D-98D1-B039EE0801DF}.Release|x86.ActiveCfg = Release|x86
		{BD27EB0B-ADEC-449D-98D1-B039EE0801DF}.Release|x86.Build.0 = Release|x86
		{801F8213-293A-4BCF-9DF1-C2E0E08ACCB1}.Debug|x86.ActiveCfg = Debug|x86
		{801F8213-293A-4BCF-9DF1-C2E0E08ACCB1}.Debug|x86.Build.0 = Debug|x86
		{801F8213-293A-4BCF-9DF1-C2E0E08ACCB1}.Release|x86.ActiveCfg = Release|x86
		{801F8213-293A-4BCF-9DF1-C2E0E08ACCB1}.Release|x86.Build.0 = Release|x86
		{3B7128FF-A0C1-4299-AEE5-4045D590EFD9}.Debug|x86.ActiveCfg = Debug|x86
		{3B7128FF-A0C1-4299-AEE5-4045D590EFD9}.Debug|x86.Build.0 = Debug|x86
		{3B7128FF-A0C1-4299-AEE5-4045D590EFD9}.Release|x86.ActiveCfg = Release|x86
		{3B7128FF-A0C1-4299-AEE5-4045D590EFD9}.Release|x86.Build.0 = Release|x86
		{D6E918F6-2E69-4FE2-830C-00CA5F8991C1}.Debug|x86.ActiveCfg = Debug|x86
		{D6E918F6-2E69-4FE2-830C-00CA5F8991C1}.Debug|x86.Build.0 = Debug|x86
		{D6E918F6-2E69-4FE2-830C-00CA5F8991C1}.Release|x86.ActiveCfg = Release|x86
		{D6E918F6-2E69-4FE2-830C-00CA5F8991C1}.Release|x86.Build.0 = Release|x86
		{13461CAA-DF8C-4103-8F06-5D27762E3F2E}.Debug|x86.ActiveCfg = Debug|x86
		{13461CAA-DF8C-4103-8F06-5D27762E3F2E}.Debug|x86.Build.0 = Debug|x86
		{13461CAA-DF8C-4103-8F06-5D27762E3F2E}.Release|x86.ActiveCfg = Release|x86
		{13461CAA-DF8C-4103-8F06-5D27762E3F2E}.Release|x86.Build.0 = Release|x86
		{8C7C83BC-52F6-4F64-A4D7-4B858AEF76C5}.Debug|x86.ActiveCfg = Debug|x86
		{8C7C83BC-52F6-4F64-A4D7-4B858AEF76C5}.Debug|x86.Build.0 = Debug|x86
		{8C7C83BC-52F6-4F64-A4D7-4B858AEF76C5}.Release|x86.ActiveCfg = Release|x86
		{8C7C83BC-52F6-4F64-A4D7-4B858AEF76C5}.Release|x86.Build.0 = Release|x86
		{0410CB5E-3AC6-40AF-90D0-EDFD746C317C}.Debug|x86.ActiveCfg = Debug|x86
		{0410CB5E-3AC6-40AF-90D0-EDFD746C317C}.Debug|x86.Build.0 = Debug|x86
		{0410CB5E-3AC6-40AF-90D0-EDFD746C317C}.Release|x86.ActiveCfg = Release|x86
		{0410CB5E-3AC6-40AF-90D0-EDFD746C317C}.Release|x86.Build.0 = Release|x86
		{256BCF24-A7C0-4D95-9764-4DC21CC6E05B}.Debug|x86.ActiveCfg = Debug|x86
		{256BCF24-A7C0-4D95-9764-4DC21CC6E05B}.Debug|x86.Build.0 = Debug|x86
		{256BCF24-A7C0-4D95-9764-4DC21CC6E05B}.Release|x86.ActiveCfg = Release|x86
		{256BCF24-A7C0-4D95-9764-4DC21CC6E05B}.Release|x86.Build.0 = Release|x86
		{2F4B47BF-ECFF-4177-B333-53BD47CC8E8E}.Debug|x86.ActiveCfg = Debug|x86
		{2F4B47BF-ECFF-4177-B333-53BD47CC8E8E}.Debug|x86.Build.0 = Debug|x86
		{2F4B47BF-ECFF-4177-B333-53BD47CC8E8E}.Release|x86.ActiveCfg = Release|x86
		{2F4B47BF-ECFF-4177-B333-53BD47CC8E8E}.Release|x86.Build.0 = Release|x86
		{1065124E-9213-40D4-96C4-73F82D8B3554}.Debug|x86.ActiveCfg = Debug|x86
		{1065124E-9213-40D4-96C4-73F82D8B3554}.Debug|x86.Build.0 = Debug|x86
		{1065124E-9213-40D4-96C4-73F82D8B3554}.Release|x86.ActiveCfg = Release|x86
		{1065124E-9213-40D4-96C4-73F82D8B3554}.Release|x86.Build.0 = Release|x86
		{6143B1C9-B8B9-4BB9-A3D8-801807295BED}.Debug|x86.ActiveCfg = Debug|x86
		{6143B1C9-B8B9-4BB9-A3D8-801807295BED}.Debug|x86.Build.0 = Debug|x86
		{6143B1C9-B8B9-4BB9-A3D8-801807295BED}.Release|x86.ActiveCfg = Release|x86
		{6143B1C9-B8B9-4BB9-A3D8-801807295BED}.Release|x86.Build.0 = Release|x86
		{9BBF3D02-4B91-41A5-8364-5A8CBEC3C0C0}.Debug|x86.ActiveCfg = Debug|x86
		{9BBF3D02-4B91-41A5-8364-5A8CBEC3C0C0}.Debug|x86.Build.0 = Debug|x86
		{9BBF3D02-4B91-41A5-8364-5A8CBEC3C0C0}.Release|x86.ActiveCfg = Release|x86
		{9BBF3D02-4B91-41A5-8364-5A8CBEC3C0C0}.Release|x86.Build.0 = Release|x86
		{A5BE56D5-2DB8-4057-9AE9-1EAB1436E13D}.Debug|x86.ActiveCfg = Debug|x86
		{A5BE56D5-2DB8-4057-9AE9-1EAB1436E13D}.Debug|x86.Build.0 = Debug|x86
		{A5BE56D5-2DB8-4057-9AE9-1EAB1436E13D}.Release|x86.ActiveCfg = Release|x86
		{A5BE56D5-2DB8-4057-9AE9-1EAB1436E13D}.Release|x86.Build.0 = Release|x86
		{4EBC02D3-5C9B-4F64-A447-5DF72B00798D}.Debug|x86.ActiveCfg = Debug|x86
		{4EBC02D3-5C9B-4F64-A447-5DF72B00798D}.Debug|x86.Build.0 = Debug|x86
		{4EBC02D3-5C9B-4F64-A447-5DF72B00798D}.Release|x86.ActiveCfg = Release|x86
		{4EBC02D3-5C9B-4F64-A447-5DF72B00798D}.Release|x86.Build.0 = Release|x86
		{54A1B8CD-EF3A-4BF6-872E-DF4D7AB7C7D7}.Debug|x86.ActiveCfg = Debug|x86
		{54A1B8CD-EF3A-4BF6-872E-DF4D7AB7C7D7}.Debug|x86.Build.0 = Debug|x86
		{54A1B8CD-EF3A-4BF6-872E-DF4D7AB7C7D7}.Release|x86.ActiveCfg = Release|x86
		{54A1B8CD-EF3A-4BF6-872E-DF4D7AB7C7D7}.Release|x86.Build.0 = Release|x86
		{2A9040A3-C09F-4B28-B778-53C38ACB1161}.Debug|x86.ActiveCfg = Debug|x86
		{2A9040A3-C09F-4B28-B778-53C38ACB1161}.Debug|x86.Build.0 = Debug|x86
		{2A9040A3-C09F-4B28-B778-53C38ACB1161}.Release|x86.ActiveCfg = Release|x86
		{2A9040A3-C09F-4B28-B778-53C38ACB1161}.Release|x86.Build.0 = Release|x86
		{201E8232-4DE3-441D-8B4F-68E14E86E14F}.Debug|x86.ActiveCfg = Debug|x86
		{201E8232-4DE3-441D-8B4F-68E14E86E14F}.Debug|x86.Build.0 = Debug|x86
		{201E8232-4DE3-441D-8B4F-68E14E86E14F}.Release|x86.ActiveCfg = Release|x86
		{201E8232-4DE3-441D-8B4F-68E14E86E14F}.Release|x86.Build.0 = Release|x86
		{3D7B4CD6-042B-414E-9955-DEEE17616D9F}.Debug|x86.ActiveCfg = Debug|x86
		{3D7B4CD6-042B-414E-9955-DEEE17616D9F}.Debug|x86.Build.0 = Debug|x86
		{3D7B4CD6-042B-414E-9955-DEEE17616D9F}.Release|x86.ActiveCfg = Release|x86
		{3D7B4CD6-042B-414E-9955-DEEE17616D9F}.Release|x86.Build.0 = Release|x86
		{E08D3667-9F61-497C-956F-0889635FA1F2}.Debug|x86.ActiveCfg = Debug|x86
		{E08D3667-9F61-497C-956F-0889635FA1F2}.Debug|x86.Build.0 = Debug|x86
		{E08D3667-9F61-497C-956F-0889635FA1F2}.Release|x86.ActiveCfg = Release|x86
		{E08D3667-9F61-497C-956F-0889635FA1F2}.Release|x86.Build.0 = Release|x86
		{45D122AC-5EC3-425E-A62B-101501CC2612}.Debug|x86.ActiveCfg = Debug|x86
		{45D122AC-5EC3-425E-A62B-101501CC2612}.Debug|x86.Build.0 = Debug|x86
		{45D122AC-5EC3-425E-A62B-101501CC2612}.Release|x86.ActiveCfg = Release|x86
		{45D122AC-5EC3-425E-A62B-101501CC2612}.Release|x86.Build.0 = Release|x86
		{71D1FA82-DF03-4E03-8004-AD2423E6EBCA}.Debug|x86.ActiveCfg = Debug|x86
		{71D1FA82-DF03-4E03-8004-AD2423E6EBCA}.Debug|x86.Build.0 = Debug|x86
		{71D1FA82-DF03-4E03-8004-AD2423E6EBCA}.Release|x86.ActiveCfg = Release|x86
		{71D1FA82-DF03-4E03-8004-AD2423E6EBCA}.Release|x86.Build.0 = Release|x86
	EndGlobalSection
	GlobalSection(SolutionProperties) = preSolution
		HideSolutionNode = FALSE
	EndGlobalSection
EndGlobal
